{"version":4,"terraform_version":"1.11.6","serial":59,"lineage":"bbb500c7-fa2e-e936-3af0-06176723d470","outputs":{"instructions":{"value":"\nVirtual machines have been created!\n\nTo find IP addresses assigned by DHCP:\n  sudo virsh domifaddr \u003cnameOfVm\u003e\n\nOr check the DHCP leases:\n  sudo virsh net-dhcp-leases default\n\nTo view VM console:\n  sudo virsh console \u003cnameOfVm\u003e\n\nNote: It may take 30-60 seconds after boot for cloud-init to complete\n      and the SSH server to be available.\n","type":"string"},"master_hosts":{"value":[{"ip":"192.168.122.28","name":"Master-Node-01"}],"type":["tuple",[["object",{"ip":"string","name":"string"}]]]},"master_ips":{"value":"192.168.122.28","type":"string"},"worker_hosts":{"value":[{"ip":"192.168.122.42","name":"Worker-node-01"},{"ip":"192.168.122.84","name":"Worker-node-02"}],"type":["tuple",[["object",{"ip":"string","name":"string"}],["object",{"ip":"string","name":"string"}]]]},"worker_ips":{"value":"192.168.122.42,192.168.122.84","type":"string"}},"resources":[{"mode":"data","type":"external","name":"master_ips","provider":"provider[\"registry.opentofu.org/opentofu/external\"]","instances":[{"schema_version":0,"attributes":{"id":"-","program":["python3","./scripts/get_vm_ips.py"],"query":{"vm_names":"[\"Master-Node-01\"]"},"result":{"hosts":"[{\"name\": \"Master-Node-01\", \"ip\": \"192.168.122.28\"}]","ips":"192.168.122.28"},"working_dir":null},"sensitive_attributes":[]}]},{"mode":"data","type":"external","name":"worker_ips","provider":"provider[\"registry.opentofu.org/opentofu/external\"]","instances":[{"schema_version":0,"attributes":{"id":"-","program":["python3","./scripts/get_vm_ips.py"],"query":{"vm_names":"[\"Worker-node-01\",\"Worker-node-02\"]"},"result":{"hosts":"[{\"name\": \"Worker-node-01\", \"ip\": \"192.168.122.42\"}, {\"name\": \"Worker-node-02\", \"ip\": \"192.168.122.84\"}]","ips":"192.168.122.42,192.168.122.84"},"working_dir":null},"sensitive_attributes":[]}]},{"mode":"managed","type":"libvirt_cloudinit_disk","name":"vm_init","provider":"provider[\"registry.opentofu.org/dmacvicar/libvirt\"]","instances":[{"index_key":0,"schema_version":0,"attributes":{"id":"041ca7bba16c6b6e","meta_data":"instance-id: vm1\nlocal-hostname: ubuntu-vm1\n","name":"vm1-cloudinit.iso","network_config":"network:\n  version: 2\n  ethernets:\n    enp1s0:\n      dhcp4: true\n","path":"/tmp/terraform-provider-libvirt-cloudinit/cloudinit-041ca7bba16c6b6e.iso","size":45056,"user_data":"#cloud-config\nchpasswd:\n  list: |\n    root:password\n    ubuntu:123\n  expire: false\n\n# Enable SSH password authentication\nssh_pwauth: true\n\n# Install and enable SSH server\npackages:\n  - openssh-server\n\n# Optional: Add SSH public key for key-based auth (more secure)\nssh_authorized_keys:\n  - ssh-ed25519 AAAAC3NzaC1lZDI1NTE5AAAAII7i1VSx2376gEp2M61KPgyifn83EMQX0oLJIcYymVFn your_email@example.com\n\n# Set timezone\ntimezone: UTC\n\n"},"sensitive_attributes":[]},{"index_key":1,"schema_version":0,"attributes":{"id":"e919137bf4371b23","meta_data":"instance-id: vm2\nlocal-hostname: ubuntu-vm2\n","name":"vm2-cloudinit.iso","network_config":"network:\n  version: 2\n  ethernets:\n    enp1s0:\n      dhcp4: true\n","path":"/tmp/terraform-provider-libvirt-cloudinit/cloudinit-e919137bf4371b23.iso","size":45056,"user_data":"#cloud-config\nchpasswd:\n  list: |\n    root:password\n    ubuntu:123\n  expire: false\n\n# Enable SSH password authentication\nssh_pwauth: true\n\n# Install and enable SSH server\npackages:\n  - openssh-server\n\n# Optional: Add SSH public key for key-based auth (more secure)\nssh_authorized_keys:\n  - ssh-ed25519 AAAAC3NzaC1lZDI1NTE5AAAAII7i1VSx2376gEp2M61KPgyifn83EMQX0oLJIcYymVFn your_email@example.com\n\n# Set timezone\ntimezone: UTC\n\n"},"sensitive_attributes":[]},{"index_key":2,"schema_version":0,"attributes":{"id":"90245c0ba10d87e4","meta_data":"instance-id: vm3\nlocal-hostname: ubuntu-vm3\n","name":"vm3-cloudinit.iso","network_config":"network:\n  version: 2\n  ethernets:\n    enp1s0:\n      dhcp4: true\n","path":"/tmp/terraform-provider-libvirt-cloudinit/cloudinit-90245c0ba10d87e4.iso","size":45056,"user_data":"#cloud-config\nchpasswd:\n  list: |\n    root:password\n    ubuntu:123\n  expire: false\n\n# Enable SSH password authentication\nssh_pwauth: true\n\n# Install and enable SSH server\npackages:\n  - openssh-server\n\n# Optional: Add SSH public key for key-based auth (more secure)\nssh_authorized_keys:\n  - ssh-ed25519 AAAAC3NzaC1lZDI1NTE5AAAAII7i1VSx2376gEp2M61KPgyifn83EMQX0oLJIcYymVFn your_email@example.com\n\n# Set timezone\ntimezone: UTC\n\n"},"sensitive_attributes":[]}]},{"mode":"managed","type":"libvirt_domain","name":"Master","provider":"provider[\"registry.opentofu.org/dmacvicar/libvirt\"]","instances":[{"index_key":0,"schema_version":0,"attributes":{"autostart":null,"bhyve_commandline":null,"block_io_tune":null,"bootloader":null,"bootloader_args":null,"clock":null,"cpu":null,"cpu_tune":null,"create":null,"current_memory":null,"current_memory_unit":null,"default_io_thread":null,"description":null,"destroy":null,"devices":{"audios":null,"channels":null,"consoles":null,"controllers":null,"crypto":null,"disks":[{"acpi":null,"address":null,"alias":null,"auth":null,"backend_domain":null,"backing_store":null,"block_io":null,"boot":null,"device":null,"driver":{"ats":null,"cache":null,"copy_on_read":null,"detect_zeros":null,"discard":null,"discard_no_unref":null,"error_policy":null,"event_idx":null,"io":null,"io_event_fd":null,"io_thread":null,"io_threads":null,"iommu":null,"metadata_cache":null,"name":null,"packed":null,"page_per_vq":null,"queue_size":null,"queues":null,"rerror_policy":null,"type":"qcow2"},"encryption":null,"geometry":null,"io_tune":null,"mirror":null,"model":null,"product":null,"raw_io":null,"read_only":null,"serial":null,"sgio":null,"shareable":null,"snapshot":null,"source":{"block":null,"cookies":null,"data_store":null,"dir":null,"encryption":null,"file":null,"index":null,"network":null,"nvme":null,"readahead":null,"reservations":null,"slices":null,"ssl":null,"startup_policy":null,"timeout":null,"vhost_user":null,"vhost_vdpa":null,"volume":{"mode":null,"pool":"default","sec_label":null,"volume":"vm1-disk.qcow2"}},"target":{"bus":"virtio","dev":"vda","removable":null,"rotation_rate":null,"tray":null},"throttle_filters":null,"transient":null,"vendor":null,"wwn":null},{"acpi":null,"address":null,"alias":null,"auth":null,"backend_domain":null,"backing_store":null,"block_io":null,"boot":null,"device":"cdrom","driver":null,"encryption":null,"geometry":null,"io_tune":null,"mirror":null,"model":null,"product":null,"raw_io":null,"read_only":null,"serial":null,"sgio":null,"shareable":null,"snapshot":null,"source":{"block":null,"cookies":null,"data_store":null,"dir":null,"encryption":null,"file":null,"index":null,"network":null,"nvme":null,"readahead":null,"reservations":null,"slices":null,"ssl":null,"startup_policy":null,"timeout":null,"vhost_user":null,"vhost_vdpa":null,"volume":{"mode":null,"pool":"default","sec_label":null,"volume":"vm1-cloudinit.iso"}},"target":{"bus":"sata","dev":"sda","removable":null,"rotation_rate":null,"tray":null},"throttle_filters":null,"transient":null,"vendor":null,"wwn":null}],"emulator":null,"filesystems":null,"graphics":null,"hostdevs":null,"hubs":null,"inputs":null,"interfaces":[{"acpi":null,"address":null,"alias":null,"backend":null,"backend_domain":null,"bandwidth":null,"boot":null,"coalesce":null,"down_script":null,"driver":null,"filter_ref":null,"guest":null,"ip":null,"link":null,"mac":null,"managed":null,"model":{"type":"virtio"},"mtu":null,"port_forward":null,"port_options":null,"rom":null,"route":null,"script":null,"source":{"bridge":null,"client":null,"direct":null,"ethernet":null,"hostdev":null,"internal":null,"mcast":null,"network":{"bridge":null,"network":"default","port_group":null,"port_id":null},"null":null,"server":null,"udp":null,"user":null,"vdpa":null,"vds":null,"vhost_user":null},"target":null,"teaming":null,"trust_guest_rx_filters":null,"tune":null,"virtual_port":null,"vlan":null,"wait_for_ip":{"source":null,"timeout":null}}],"iommu":null,"leases":null,"mem_balloon":null,"memorydevs":null,"nvram":null,"panics":null,"parallels":null,"pstore":null,"redir_devs":null,"redir_filters":null,"rngs":null,"serials":[{"acpi":null,"address":null,"alias":null,"log":null,"protocol":null,"source":null,"target":null}],"shmems":null,"smartcards":null,"sounds":null,"tpms":null,"videos":null,"vsock":null,"watchdogs":null},"features":null,"gen_id":null,"hwuuid":null,"id":19,"id_map":null,"io_thread_i_ds":null,"io_threads":null,"key_wrap":null,"launch_security":null,"lxc_namespace":null,"maximum_memory":null,"maximum_memory_slots":null,"maximum_memory_unit":null,"memory":2097152,"memory_backing":null,"memory_dump_core":null,"memory_tune":null,"memory_unit":null,"metadata":null,"name":"Master-Node-01","numa_tune":null,"on_crash":null,"on_poweroff":null,"on_reboot":null,"os":{"acpi":null,"bios":null,"boot_devices":null,"boot_menu":null,"cmdline":null,"dtb":null,"firmware":null,"firmware_info":null,"init":null,"init_args":null,"init_dir":null,"init_env":null,"init_group":null,"init_user":null,"initrd":null,"kernel":null,"loader":null,"loader_format":null,"loader_readonly":null,"loader_secure":null,"loader_stateless":null,"loader_type":null,"nv_ram":null,"shim":null,"sm_bios":null,"type":"hvm","type_arch":"x86_64","type_machine":"q35"},"perf":null,"pm":null,"qemu_capabilities":null,"qemu_commandline":null,"qemu_deprecation":null,"qemu_override":null,"resource":null,"running":true,"sec_label":null,"sys_info":null,"throttle_groups":null,"title":null,"type":"kvm","update":null,"uuid":"bfc4dbcb-6465-46be-bc30-35053dd49fd0","vcpu":2,"vcpu_cpuset":null,"vcpu_current":null,"vcpu_placement":null,"vcpus":null,"vmware_data_center_path":null,"xen_commandline":null},"sensitive_attributes":[],"dependencies":["libvirt_cloudinit_disk.vm_init","libvirt_volume.ubuntu_base","libvirt_volume.vm_cloudinit","libvirt_volume.vm_disk"]}]},{"mode":"managed","type":"libvirt_domain","name":"Worker","provider":"provider[\"registry.opentofu.org/dmacvicar/libvirt\"]","instances":[{"index_key":0,"schema_version":0,"attributes":{"autostart":null,"bhyve_commandline":null,"block_io_tune":null,"bootloader":null,"bootloader_args":null,"clock":null,"cpu":null,"cpu_tune":null,"create":null,"current_memory":null,"current_memory_unit":null,"default_io_thread":null,"description":null,"destroy":null,"devices":{"audios":null,"channels":null,"consoles":null,"controllers":null,"crypto":null,"disks":[{"acpi":null,"address":null,"alias":null,"auth":null,"backend_domain":null,"backing_store":null,"block_io":null,"boot":null,"device":null,"driver":{"ats":null,"cache":null,"copy_on_read":null,"detect_zeros":null,"discard":null,"discard_no_unref":null,"error_policy":null,"event_idx":null,"io":null,"io_event_fd":null,"io_thread":null,"io_threads":null,"iommu":null,"metadata_cache":null,"name":null,"packed":null,"page_per_vq":null,"queue_size":null,"queues":null,"rerror_policy":null,"type":"qcow2"},"encryption":null,"geometry":null,"io_tune":null,"mirror":null,"model":null,"product":null,"raw_io":null,"read_only":null,"serial":null,"sgio":null,"shareable":null,"snapshot":null,"source":{"block":null,"cookies":null,"data_store":null,"dir":null,"encryption":null,"file":null,"index":null,"network":null,"nvme":null,"readahead":null,"reservations":null,"slices":null,"ssl":null,"startup_policy":null,"timeout":null,"vhost_user":null,"vhost_vdpa":null,"volume":{"mode":null,"pool":"default","sec_label":null,"volume":"vm2-disk.qcow2"}},"target":{"bus":"virtio","dev":"vda","removable":null,"rotation_rate":null,"tray":null},"throttle_filters":null,"transient":null,"vendor":null,"wwn":null},{"acpi":null,"address":null,"alias":null,"auth":null,"backend_domain":null,"backing_store":null,"block_io":null,"boot":null,"device":"cdrom","driver":null,"encryption":null,"geometry":null,"io_tune":null,"mirror":null,"model":null,"product":null,"raw_io":null,"read_only":null,"serial":null,"sgio":null,"shareable":null,"snapshot":null,"source":{"block":null,"cookies":null,"data_store":null,"dir":null,"encryption":null,"file":null,"index":null,"network":null,"nvme":null,"readahead":null,"reservations":null,"slices":null,"ssl":null,"startup_policy":null,"timeout":null,"vhost_user":null,"vhost_vdpa":null,"volume":{"mode":null,"pool":"default","sec_label":null,"volume":"vm2-cloudinit.iso"}},"target":{"bus":"sata","dev":"sda","removable":null,"rotation_rate":null,"tray":null},"throttle_filters":null,"transient":null,"vendor":null,"wwn":null}],"emulator":null,"filesystems":null,"graphics":null,"hostdevs":null,"hubs":null,"inputs":null,"interfaces":[{"acpi":null,"address":null,"alias":null,"backend":null,"backend_domain":null,"bandwidth":null,"boot":null,"coalesce":null,"down_script":null,"driver":null,"filter_ref":null,"guest":null,"ip":null,"link":null,"mac":null,"managed":null,"model":{"type":"virtio"},"mtu":null,"port_forward":null,"port_options":null,"rom":null,"route":null,"script":null,"source":{"bridge":null,"client":null,"direct":null,"ethernet":null,"hostdev":null,"internal":null,"mcast":null,"network":{"bridge":null,"network":"default","port_group":null,"port_id":null},"null":null,"server":null,"udp":null,"user":null,"vdpa":null,"vds":null,"vhost_user":null},"target":null,"teaming":null,"trust_guest_rx_filters":null,"tune":null,"virtual_port":null,"vlan":null,"wait_for_ip":{"source":null,"timeout":null}}],"iommu":null,"leases":null,"mem_balloon":null,"memorydevs":null,"nvram":null,"panics":null,"parallels":null,"pstore":null,"redir_devs":null,"redir_filters":null,"rngs":null,"serials":[{"acpi":null,"address":null,"alias":null,"log":null,"protocol":null,"source":null,"target":null}],"shmems":null,"smartcards":null,"sounds":null,"tpms":null,"videos":null,"vsock":null,"watchdogs":null},"features":null,"gen_id":null,"hwuuid":null,"id":20,"id_map":null,"io_thread_i_ds":null,"io_threads":null,"key_wrap":null,"launch_security":null,"lxc_namespace":null,"maximum_memory":null,"maximum_memory_slots":null,"maximum_memory_unit":null,"memory":1048576,"memory_backing":null,"memory_dump_core":null,"memory_tune":null,"memory_unit":null,"metadata":null,"name":"Worker-node-01","numa_tune":null,"on_crash":null,"on_poweroff":null,"on_reboot":null,"os":{"acpi":null,"bios":null,"boot_devices":null,"boot_menu":null,"cmdline":null,"dtb":null,"firmware":null,"firmware_info":null,"init":null,"init_args":null,"init_dir":null,"init_env":null,"init_group":null,"init_user":null,"initrd":null,"kernel":null,"loader":null,"loader_format":null,"loader_readonly":null,"loader_secure":null,"loader_stateless":null,"loader_type":null,"nv_ram":null,"shim":null,"sm_bios":null,"type":"hvm","type_arch":"x86_64","type_machine":"q35"},"perf":null,"pm":null,"qemu_capabilities":null,"qemu_commandline":null,"qemu_deprecation":null,"qemu_override":null,"resource":null,"running":true,"sec_label":null,"sys_info":null,"throttle_groups":null,"title":null,"type":"kvm","update":null,"uuid":"15625536-3d2a-439b-ad41-7d09ebfdd861","vcpu":1,"vcpu_cpuset":null,"vcpu_current":null,"vcpu_placement":null,"vcpus":null,"vmware_data_center_path":null,"xen_commandline":null},"sensitive_attributes":[],"dependencies":["libvirt_cloudinit_disk.vm_init","libvirt_volume.ubuntu_base","libvirt_volume.vm_cloudinit","libvirt_volume.vm_disk"]},{"index_key":1,"schema_version":0,"attributes":{"autostart":null,"bhyve_commandline":null,"block_io_tune":null,"bootloader":null,"bootloader_args":null,"clock":null,"cpu":null,"cpu_tune":null,"create":null,"current_memory":null,"current_memory_unit":null,"default_io_thread":null,"description":null,"destroy":null,"devices":{"audios":null,"channels":null,"consoles":null,"controllers":null,"crypto":null,"disks":[{"acpi":null,"address":null,"alias":null,"auth":null,"backend_domain":null,"backing_store":null,"block_io":null,"boot":null,"device":null,"driver":{"ats":null,"cache":null,"copy_on_read":null,"detect_zeros":null,"discard":null,"discard_no_unref":null,"error_policy":null,"event_idx":null,"io":null,"io_event_fd":null,"io_thread":null,"io_threads":null,"iommu":null,"metadata_cache":null,"name":null,"packed":null,"page_per_vq":null,"queue_size":null,"queues":null,"rerror_policy":null,"type":"qcow2"},"encryption":null,"geometry":null,"io_tune":null,"mirror":null,"model":null,"product":null,"raw_io":null,"read_only":null,"serial":null,"sgio":null,"shareable":null,"snapshot":null,"source":{"block":null,"cookies":null,"data_store":null,"dir":null,"encryption":null,"file":null,"index":null,"network":null,"nvme":null,"readahead":null,"reservations":null,"slices":null,"ssl":null,"startup_policy":null,"timeout":null,"vhost_user":null,"vhost_vdpa":null,"volume":{"mode":null,"pool":"default","sec_label":null,"volume":"vm3-disk.qcow2"}},"target":{"bus":"virtio","dev":"vda","removable":null,"rotation_rate":null,"tray":null},"throttle_filters":null,"transient":null,"vendor":null,"wwn":null},{"acpi":null,"address":null,"alias":null,"auth":null,"backend_domain":null,"backing_store":null,"block_io":null,"boot":null,"device":"cdrom","driver":null,"encryption":null,"geometry":null,"io_tune":null,"mirror":null,"model":null,"product":null,"raw_io":null,"read_only":null,"serial":null,"sgio":null,"shareable":null,"snapshot":null,"source":{"block":null,"cookies":null,"data_store":null,"dir":null,"encryption":null,"file":null,"index":null,"network":null,"nvme":null,"readahead":null,"reservations":null,"slices":null,"ssl":null,"startup_policy":null,"timeout":null,"vhost_user":null,"vhost_vdpa":null,"volume":{"mode":null,"pool":"default","sec_label":null,"volume":"vm3-cloudinit.iso"}},"target":{"bus":"sata","dev":"sda","removable":null,"rotation_rate":null,"tray":null},"throttle_filters":null,"transient":null,"vendor":null,"wwn":null}],"emulator":null,"filesystems":null,"graphics":null,"hostdevs":null,"hubs":null,"inputs":null,"interfaces":[{"acpi":null,"address":null,"alias":null,"backend":null,"backend_domain":null,"bandwidth":null,"boot":null,"coalesce":null,"down_script":null,"driver":null,"filter_ref":null,"guest":null,"ip":null,"link":null,"mac":null,"managed":null,"model":{"type":"virtio"},"mtu":null,"port_forward":null,"port_options":null,"rom":null,"route":null,"script":null,"source":{"bridge":null,"client":null,"direct":null,"ethernet":null,"hostdev":null,"internal":null,"mcast":null,"network":{"bridge":null,"network":"default","port_group":null,"port_id":null},"null":null,"server":null,"udp":null,"user":null,"vdpa":null,"vds":null,"vhost_user":null},"target":null,"teaming":null,"trust_guest_rx_filters":null,"tune":null,"virtual_port":null,"vlan":null,"wait_for_ip":{"source":null,"timeout":null}}],"iommu":null,"leases":null,"mem_balloon":null,"memorydevs":null,"nvram":null,"panics":null,"parallels":null,"pstore":null,"redir_devs":null,"redir_filters":null,"rngs":null,"serials":[{"acpi":null,"address":null,"alias":null,"log":null,"protocol":null,"source":null,"target":null}],"shmems":null,"smartcards":null,"sounds":null,"tpms":null,"videos":null,"vsock":null,"watchdogs":null},"features":null,"gen_id":null,"hwuuid":null,"id":21,"id_map":null,"io_thread_i_ds":null,"io_threads":null,"key_wrap":null,"launch_security":null,"lxc_namespace":null,"maximum_memory":null,"maximum_memory_slots":null,"maximum_memory_unit":null,"memory":1048576,"memory_backing":null,"memory_dump_core":null,"memory_tune":null,"memory_unit":null,"metadata":null,"name":"Worker-node-02","numa_tune":null,"on_crash":null,"on_poweroff":null,"on_reboot":null,"os":{"acpi":null,"bios":null,"boot_devices":null,"boot_menu":null,"cmdline":null,"dtb":null,"firmware":null,"firmware_info":null,"init":null,"init_args":null,"init_dir":null,"init_env":null,"init_group":null,"init_user":null,"initrd":null,"kernel":null,"loader":null,"loader_format":null,"loader_readonly":null,"loader_secure":null,"loader_stateless":null,"loader_type":null,"nv_ram":null,"shim":null,"sm_bios":null,"type":"hvm","type_arch":"x86_64","type_machine":"q35"},"perf":null,"pm":null,"qemu_capabilities":null,"qemu_commandline":null,"qemu_deprecation":null,"qemu_override":null,"resource":null,"running":true,"sec_label":null,"sys_info":null,"throttle_groups":null,"title":null,"type":"kvm","update":null,"uuid":"2c0def82-dcfc-420f-9cf1-0afa1a08192d","vcpu":1,"vcpu_cpuset":null,"vcpu_current":null,"vcpu_placement":null,"vcpus":null,"vmware_data_center_path":null,"xen_commandline":null},"sensitive_attributes":[],"dependencies":["libvirt_cloudinit_disk.vm_init","libvirt_volume.ubuntu_base","libvirt_volume.vm_cloudinit","libvirt_volume.vm_disk"]}]},{"mode":"managed","type":"libvirt_volume","name":"ubuntu_base","provider":"provider[\"registry.opentofu.org/dmacvicar/libvirt\"]","instances":[{"index_key":0,"schema_version":0,"attributes":{"allocation":629993472,"allocation_unit":null,"backing_store":null,"capacity":3758096384,"capacity_unit":null,"create":{"content":{"url":"/home/msi/Vscode/Ansible/My-project/cloud_image/noble-server-cloudimg-amd64.img"}},"id":"/var/lib/libvirt/images/ubuntu-noble-base.qcow2-1","key":"/var/lib/libvirt/images/ubuntu-noble-base.qcow2-1","name":"ubuntu-noble-base.qcow2-1","path":"/var/lib/libvirt/images/ubuntu-noble-base.qcow2-1","physical":629987328,"physical_unit":null,"pool":"default","target":{"cluster_size":null,"cluster_size_unit":null,"compat":null,"encryption":null,"features":null,"format":{"type":"qcow2"},"path":"/var/lib/libvirt/images/ubuntu-noble-base.qcow2-1","permissions":null,"timestamps":null},"type":null},"sensitive_attributes":[]},{"index_key":1,"schema_version":0,"attributes":{"allocation":629993472,"allocation_unit":null,"backing_store":null,"capacity":3758096384,"capacity_unit":null,"create":{"content":{"url":"/home/msi/Vscode/Ansible/My-project/cloud_image/noble-server-cloudimg-amd64.img"}},"id":"/var/lib/libvirt/images/ubuntu-noble-base.qcow2-2","key":"/var/lib/libvirt/images/ubuntu-noble-base.qcow2-2","name":"ubuntu-noble-base.qcow2-2","path":"/var/lib/libvirt/images/ubuntu-noble-base.qcow2-2","physical":629987328,"physical_unit":null,"pool":"default","target":{"cluster_size":null,"cluster_size_unit":null,"compat":null,"encryption":null,"features":null,"format":{"type":"qcow2"},"path":"/var/lib/libvirt/images/ubuntu-noble-base.qcow2-2","permissions":null,"timestamps":null},"type":null},"sensitive_attributes":[]},{"index_key":2,"schema_version":0,"attributes":{"allocation":629993472,"allocation_unit":null,"backing_store":null,"capacity":3758096384,"capacity_unit":null,"create":{"content":{"url":"/home/msi/Vscode/Ansible/My-project/cloud_image/noble-server-cloudimg-amd64.img"}},"id":"/var/lib/libvirt/images/ubuntu-noble-base.qcow2-3","key":"/var/lib/libvirt/images/ubuntu-noble-base.qcow2-3","name":"ubuntu-noble-base.qcow2-3","path":"/var/lib/libvirt/images/ubuntu-noble-base.qcow2-3","physical":629987328,"physical_unit":null,"pool":"default","target":{"cluster_size":null,"cluster_size_unit":null,"compat":null,"encryption":null,"features":null,"format":{"type":"qcow2"},"path":"/var/lib/libvirt/images/ubuntu-noble-base.qcow2-3","permissions":null,"timestamps":null},"type":null},"sensitive_attributes":[]}]},{"mode":"managed","type":"libvirt_volume","name":"vm_cloudinit","provider":"provider[\"registry.opentofu.org/dmacvicar/libvirt\"]","instances":[{"index_key":0,"schema_version":0,"attributes":{"allocation":45056,"allocation_unit":null,"backing_store":null,"capacity":45056,"capacity_unit":null,"create":{"content":{"url":"/tmp/terraform-provider-libvirt-cloudinit/cloudinit-041ca7bba16c6b6e.iso"}},"id":"/var/lib/libvirt/images/vm1-cloudinit.iso","key":"/var/lib/libvirt/images/vm1-cloudinit.iso","name":"vm1-cloudinit.iso","path":"/var/lib/libvirt/images/vm1-cloudinit.iso","physical":45056,"physical_unit":null,"pool":"default","target":null,"type":null},"sensitive_attributes":[],"dependencies":["libvirt_cloudinit_disk.vm_init"]},{"index_key":1,"schema_version":0,"attributes":{"allocation":45056,"allocation_unit":null,"backing_store":null,"capacity":45056,"capacity_unit":null,"create":{"content":{"url":"/tmp/terraform-provider-libvirt-cloudinit/cloudinit-e919137bf4371b23.iso"}},"id":"/var/lib/libvirt/images/vm2-cloudinit.iso","key":"/var/lib/libvirt/images/vm2-cloudinit.iso","name":"vm2-cloudinit.iso","path":"/var/lib/libvirt/images/vm2-cloudinit.iso","physical":45056,"physical_unit":null,"pool":"default","target":null,"type":null},"sensitive_attributes":[],"dependencies":["libvirt_cloudinit_disk.vm_init"]},{"index_key":2,"schema_version":0,"attributes":{"allocation":45056,"allocation_unit":null,"backing_store":null,"capacity":45056,"capacity_unit":null,"create":{"content":{"url":"/tmp/terraform-provider-libvirt-cloudinit/cloudinit-90245c0ba10d87e4.iso"}},"id":"/var/lib/libvirt/images/vm3-cloudinit.iso","key":"/var/lib/libvirt/images/vm3-cloudinit.iso","name":"vm3-cloudinit.iso","path":"/var/lib/libvirt/images/vm3-cloudinit.iso","physical":45056,"physical_unit":null,"pool":"default","target":null,"type":null},"sensitive_attributes":[],"dependencies":["libvirt_cloudinit_disk.vm_init"]}]},{"mode":"managed","type":"libvirt_volume","name":"vm_disk","provider":"provider[\"registry.opentofu.org/dmacvicar/libvirt\"]","instances":[{"index_key":0,"schema_version":0,"attributes":{"allocation":200704,"allocation_unit":null,"backing_store":{"format":{"type":"qcow2"},"path":"/var/lib/libvirt/images/ubuntu-noble-base.qcow2-1","permissions":null},"capacity":10737418240,"capacity_unit":null,"create":null,"id":"/var/lib/libvirt/images/vm1-disk.qcow2","key":"/var/lib/libvirt/images/vm1-disk.qcow2","name":"vm1-disk.qcow2","path":"/var/lib/libvirt/images/vm1-disk.qcow2","physical":196768,"physical_unit":null,"pool":"default","target":{"cluster_size":null,"cluster_size_unit":null,"compat":null,"encryption":null,"features":null,"format":{"type":"qcow2"},"path":"/var/lib/libvirt/images/vm1-disk.qcow2","permissions":null,"timestamps":null},"type":null},"sensitive_attributes":[],"dependencies":["libvirt_volume.ubuntu_base"]},{"index_key":1,"schema_version":0,"attributes":{"allocation":200704,"allocation_unit":null,"backing_store":{"format":{"type":"qcow2"},"path":"/var/lib/libvirt/images/ubuntu-noble-base.qcow2-2","permissions":null},"capacity":10737418240,"capacity_unit":null,"create":null,"id":"/var/lib/libvirt/images/vm2-disk.qcow2","key":"/var/lib/libvirt/images/vm2-disk.qcow2","name":"vm2-disk.qcow2","path":"/var/lib/libvirt/images/vm2-disk.qcow2","physical":196768,"physical_unit":null,"pool":"default","target":{"cluster_size":null,"cluster_size_unit":null,"compat":null,"encryption":null,"features":null,"format":{"type":"qcow2"},"path":"/var/lib/libvirt/images/vm2-disk.qcow2","permissions":null,"timestamps":null},"type":null},"sensitive_attributes":[],"dependencies":["libvirt_volume.ubuntu_base"]},{"index_key":2,"schema_version":0,"attributes":{"allocation":200704,"allocation_unit":null,"backing_store":{"format":{"type":"qcow2"},"path":"/var/lib/libvirt/images/ubuntu-noble-base.qcow2-3","permissions":null},"capacity":10737418240,"capacity_unit":null,"create":null,"id":"/var/lib/libvirt/images/vm3-disk.qcow2","key":"/var/lib/libvirt/images/vm3-disk.qcow2","name":"vm3-disk.qcow2","path":"/var/lib/libvirt/images/vm3-disk.qcow2","physical":196768,"physical_unit":null,"pool":"default","target":{"cluster_size":null,"cluster_size_unit":null,"compat":null,"encryption":null,"features":null,"format":{"type":"qcow2"},"path":"/var/lib/libvirt/images/vm3-disk.qcow2","permissions":null,"timestamps":null},"type":null},"sensitive_attributes":[],"dependencies":["libvirt_volume.ubuntu_base"]}]},{"mode":"managed","type":"local_file","name":"ansible_inventory","provider":"provider[\"registry.opentofu.org/hashicorp/local\"]","instances":[{"schema_version":0,"attributes":{"content":"---\nall:\n  # 1. Define global variables here. Every host will inherit these.\n  vars:\n    ansible_user: ubuntu\n    ansible_ssh_private_key_file: ~/.ssh/id_ed25519  # Adjust to your actual key name\n    ansible_python_interpreter: /usr/bin/python3\n\n  # 2. Define your node groups\n  children:\n    masters:\n      hosts:\n        192.168.122.28:\n    \n    workers:\n      hosts:\n        192.168.122.42:\n        192.168.122.84:\n    \n    k8s_cluster:\n      children:\n        masters: {}\n        workers: {}","content_base64":null,"content_base64sha256":"5e0ByEp7hgwn1UwTUqTxcfAG93hTtBf6iecCMlGcba4=","content_base64sha512":"5kYWanm0aqhGI6yTUfSJeNPTJyCipF/bpl57w3xETA/s+MAEUSwuk7CfWLc1s0XFbY+jOvIjHGCfZl3wyayfEw==","content_md5":"dbdab1fd1bd62aaec359e02910a1eac2","content_sha1":"21f00c4435d532098b6af899051a40a4d984d1e7","content_sha256":"e5ed01c84a7b860c27d54c1352a4f171f006f77853b417fa89e70232519c6dae","content_sha512":"e646166a79b46aa84623ac9351f48978d3d32720a2a45fdba65e7bc37c444c0fecf8c004512c2e93b09f58b735b345c56d8fa33af2231c609f665df0c9ac9f13","directory_permission":"0777","file_permission":"0777","filename":"/home/msi/Vscode/Ansible/My-project/inventory.yaml","id":"21f00c4435d532098b6af899051a40a4d984d1e7","sensitive_content":null,"source":null},"sensitive_attributes":[[{"type":"get_attr","value":"sensitive_content"}]],"dependencies":["data.external.master_ips","data.external.worker_ips","libvirt_cloudinit_disk.vm_init","libvirt_domain.Master","libvirt_domain.Worker","libvirt_volume.ubuntu_base","libvirt_volume.vm_cloudinit","libvirt_volume.vm_disk"]}]}],"check_results":null}
