{"version":4,"terraform_version":"1.12.3","serial":909,"lineage":"bbb500c7-fa2e-e936-3af0-06176723d470","outputs":{"IPS":{"value":{"master_hosts":[{"ip":"192.168.122.226","name":"master-1"}],"worker_hosts":[{"ip":"192.168.122.43","name":"worker-1"},{"ip":"192.168.122.11","name":"worker-2"}]},"type":["object",{"master_hosts":["tuple",[["object",{"ip":"string","name":"string"}]]],"worker_hosts":["tuple",[["object",{"ip":"string","name":"string"}],["object",{"ip":"string","name":"string"}]]]}]}},"resources":[{"mode":"data","type":"external","name":"master_ips","provider":"provider[\"registry.opentofu.org/opentofu/external\"]","instances":[{"schema_version":0,"attributes":{"id":"-","program":["python3","./config/get_vm_ips.py"],"query":{"vm_names":"[\"master-1\"]"},"result":{"hosts":"[{\"name\": \"master-1\", \"ip\": \"192.168.122.226\"}]","ips":"192.168.122.226"},"working_dir":null},"sensitive_attributes":[]}]},{"mode":"data","type":"external","name":"worker_ips","provider":"provider[\"registry.opentofu.org/opentofu/external\"]","instances":[{"schema_version":0,"attributes":{"id":"-","program":["python3","./config/get_vm_ips.py"],"query":{"vm_names":"[\"worker-1\",\"worker-2\"]"},"result":{"hosts":"[{\"name\": \"worker-1\", \"ip\": \"192.168.122.43\"}, {\"name\": \"worker-2\", \"ip\": \"192.168.122.11\"}]","ips":"192.168.122.43,192.168.122.11"},"working_dir":null},"sensitive_attributes":[]}]},{"mode":"managed","type":"libvirt_cloudinit_disk","name":"master_init","provider":"provider[\"registry.opentofu.org/dmacvicar/libvirt\"]","instances":[{"index_key":0,"schema_version":0,"attributes":{"id":"8a9a1641eb9b64f4","meta_data":"instance-id: vm1\nlocal-hostname: ubuntu-vm1\n","name":"master-1-cloudinit.iso","network_config":"network:\n  version: 2\n  ethernets:\n    enp1s0:\n      dhcp4: true\n","path":"/tmp/terraform-provider-libvirt-cloudinit/cloudinit-8a9a1641eb9b64f4.iso","size":45056,"user_data":"#cloud-config\nchpasswd:\n  list: |\n    root:password\n    ubuntu:123\n  expire: false\n\n# Enable SSH password authentication\nssh_pwauth: true\n\n# Install and enable SSH server\npackages:\n  - openssh-server\n\n# Optional: Add SSH public key for key-based auth (more secure)\nssh_authorized_keys:\n  - ssh-ed25519 AAAAC3NzaC1lZDI1NTE5AAAAII7i1VSx2376gEp2M61KPgyifn83EMQX0oLJIcYymVFn your_email@example.com\n\n# Set timezone\ntimezone: UTC\n"},"sensitive_attributes":[]}]},{"mode":"managed","type":"libvirt_cloudinit_disk","name":"worker_init","provider":"provider[\"registry.opentofu.org/dmacvicar/libvirt\"]","instances":[{"index_key":0,"schema_version":0,"attributes":{"id":"4d5c8cf086426445","meta_data":"instance-id: worker-node-1\nlocal-hostname: ubuntu-worker-1\n","name":"worker-1-cloudinit.iso","network_config":"network:\n  version: 2\n  ethernets:\n    enp1s0:\n      dhcp4: true\n","path":"/tmp/terraform-provider-libvirt-cloudinit/cloudinit-4d5c8cf086426445.iso","size":45056,"user_data":"#cloud-config\nchpasswd:\n  list: |\n    root:password\n    ubuntu:123\n  expire: false\n\n# Enable SSH password authentication\nssh_pwauth: true\n\n# Install and enable SSH server\npackages:\n  - openssh-server\n\n# Optional: Add SSH public key for key-based auth (more secure)\nssh_authorized_keys:\n  - ssh-ed25519 AAAAC3NzaC1lZDI1NTE5AAAAII7i1VSx2376gEp2M61KPgyifn83EMQX0oLJIcYymVFn your_email@example.com\n\n# Set timezone\ntimezone: UTC\n"},"sensitive_attributes":[]},{"index_key":1,"schema_version":0,"attributes":{"id":"d29f663509eccc31","meta_data":"instance-id: worker-node-2\nlocal-hostname: ubuntu-worker-2\n","name":"worker-2-cloudinit.iso","network_config":"network:\n  version: 2\n  ethernets:\n    enp1s0:\n      dhcp4: true\n","path":"/tmp/terraform-provider-libvirt-cloudinit/cloudinit-d29f663509eccc31.iso","size":45056,"user_data":"#cloud-config\nchpasswd:\n  list: |\n    root:password\n    ubuntu:123\n  expire: false\n\n# Enable SSH password authentication\nssh_pwauth: true\n\n# Install and enable SSH server\npackages:\n  - openssh-server\n\n# Optional: Add SSH public key for key-based auth (more secure)\nssh_authorized_keys:\n  - ssh-ed25519 AAAAC3NzaC1lZDI1NTE5AAAAII7i1VSx2376gEp2M61KPgyifn83EMQX0oLJIcYymVFn your_email@example.com\n\n# Set timezone\ntimezone: UTC\n"},"sensitive_attributes":[]}]},{"mode":"managed","type":"libvirt_domain","name":"Master","provider":"provider[\"registry.opentofu.org/dmacvicar/libvirt\"]","instances":[{"index_key":0,"schema_version":0,"attributes":{"autostart":null,"bhyve_commandline":null,"block_io_tune":null,"bootloader":null,"bootloader_args":null,"clock":null,"cpu":null,"cpu_tune":null,"create":null,"current_memory":null,"current_memory_unit":null,"default_io_thread":null,"description":null,"destroy":null,"devices":{"audios":null,"channels":null,"consoles":null,"controllers":null,"crypto":null,"disks":[{"acpi":null,"address":null,"alias":null,"auth":null,"backend_domain":null,"backing_store":null,"block_io":null,"boot":null,"device":null,"driver":{"ats":null,"cache":null,"copy_on_read":null,"detect_zeros":null,"discard":null,"discard_no_unref":null,"error_policy":null,"event_idx":null,"io":null,"io_event_fd":null,"io_thread":null,"io_threads":null,"iommu":null,"metadata_cache":null,"name":null,"packed":null,"page_per_vq":null,"queue_size":null,"queues":null,"rerror_policy":null,"type":"qcow2"},"encryption":null,"geometry":null,"io_tune":null,"mirror":null,"model":null,"product":null,"raw_io":null,"read_only":null,"serial":null,"sgio":null,"shareable":null,"snapshot":null,"source":{"block":null,"cookies":null,"data_store":null,"dir":null,"encryption":null,"file":null,"index":null,"network":null,"nvme":null,"readahead":null,"reservations":null,"slices":null,"ssl":null,"startup_policy":null,"timeout":null,"vhost_user":null,"vhost_vdpa":null,"volume":{"mode":null,"pool":"default","sec_label":null,"volume":"master-1-disk.qcow2"}},"target":{"bus":"virtio","dev":"vda","removable":null,"rotation_rate":null,"tray":null},"throttle_filters":null,"transient":null,"vendor":null,"wwn":null},{"acpi":null,"address":null,"alias":null,"auth":null,"backend_domain":null,"backing_store":null,"block_io":null,"boot":null,"device":"cdrom","driver":null,"encryption":null,"geometry":null,"io_tune":null,"mirror":null,"model":null,"product":null,"raw_io":null,"read_only":null,"serial":null,"sgio":null,"shareable":null,"snapshot":null,"source":{"block":null,"cookies":null,"data_store":null,"dir":null,"encryption":null,"file":null,"index":null,"network":null,"nvme":null,"readahead":null,"reservations":null,"slices":null,"ssl":null,"startup_policy":null,"timeout":null,"vhost_user":null,"vhost_vdpa":null,"volume":{"mode":null,"pool":"default","sec_label":null,"volume":"master-1-cloudinit.iso"}},"target":{"bus":"sata","dev":"sda","removable":null,"rotation_rate":null,"tray":null},"throttle_filters":null,"transient":null,"vendor":null,"wwn":null}],"emulator":null,"filesystems":null,"graphics":null,"hostdevs":null,"hubs":null,"inputs":null,"interfaces":[{"acpi":null,"address":null,"alias":null,"backend":null,"backend_domain":null,"bandwidth":null,"boot":null,"coalesce":null,"down_script":null,"driver":null,"filter_ref":null,"guest":null,"ip":null,"link":null,"mac":null,"managed":null,"model":{"type":"virtio"},"mtu":null,"port_forward":null,"port_options":null,"rom":null,"route":null,"script":null,"source":{"bridge":null,"client":null,"direct":null,"ethernet":null,"hostdev":null,"internal":null,"mcast":null,"network":{"bridge":null,"network":"default","port_group":null,"port_id":null},"null":null,"server":null,"udp":null,"user":null,"vdpa":null,"vds":null,"vhost_user":null},"target":null,"teaming":null,"trust_guest_rx_filters":null,"tune":null,"virtual_port":null,"vlan":null,"wait_for_ip":{"source":null,"timeout":null}}],"iommu":null,"leases":null,"mem_balloon":null,"memorydevs":null,"nvram":null,"panics":null,"parallels":null,"pstore":null,"redir_devs":null,"redir_filters":null,"rngs":null,"serials":[{"acpi":null,"address":null,"alias":null,"log":null,"protocol":null,"source":null,"target":null}],"shmems":null,"smartcards":null,"sounds":null,"tpms":null,"videos":null,"vsock":null,"watchdogs":null},"features":null,"gen_id":null,"hwuuid":null,"id":6,"id_map":null,"io_thread_i_ds":null,"io_threads":null,"key_wrap":null,"launch_security":null,"lxc_namespace":null,"maximum_memory":null,"maximum_memory_slots":null,"maximum_memory_unit":null,"memory":3145728,"memory_backing":null,"memory_dump_core":null,"memory_tune":null,"memory_unit":null,"metadata":null,"name":"master-1","numa_tune":null,"on_crash":null,"on_poweroff":null,"on_reboot":null,"os":{"acpi":null,"bios":null,"boot_devices":null,"boot_menu":null,"cmdline":null,"dtb":null,"firmware":null,"firmware_info":null,"init":null,"init_args":null,"init_dir":null,"init_env":null,"init_group":null,"init_user":null,"initrd":null,"kernel":null,"loader":null,"loader_format":null,"loader_readonly":null,"loader_secure":null,"loader_stateless":null,"loader_type":null,"nv_ram":null,"shim":null,"sm_bios":null,"type":"hvm","type_arch":"x86_64","type_machine":"q35"},"perf":null,"pm":null,"qemu_capabilities":null,"qemu_commandline":null,"qemu_deprecation":null,"qemu_override":null,"resource":null,"running":true,"sec_label":null,"sys_info":null,"throttle_groups":null,"title":null,"type":"kvm","update":null,"uuid":"f25b961a-f498-4522-8973-c50dd49b81ee","vcpu":2,"vcpu_cpuset":null,"vcpu_current":null,"vcpu_placement":null,"vcpus":null,"vmware_data_center_path":null,"xen_commandline":null},"sensitive_attributes":[],"dependencies":["libvirt_cloudinit_disk.master_init","libvirt_volume.master_cloudinit","libvirt_volume.master_disk","libvirt_volume.ubuntu_base"]}]},{"mode":"managed","type":"libvirt_domain","name":"Worker","provider":"provider[\"registry.opentofu.org/dmacvicar/libvirt\"]","instances":[{"index_key":0,"schema_version":0,"attributes":{"autostart":null,"bhyve_commandline":null,"block_io_tune":null,"bootloader":null,"bootloader_args":null,"clock":null,"cpu":null,"cpu_tune":null,"create":null,"current_memory":null,"current_memory_unit":null,"default_io_thread":null,"description":null,"destroy":null,"devices":{"audios":null,"channels":null,"consoles":null,"controllers":null,"crypto":null,"disks":[{"acpi":null,"address":null,"alias":null,"auth":null,"backend_domain":null,"backing_store":null,"block_io":null,"boot":null,"device":null,"driver":{"ats":null,"cache":null,"copy_on_read":null,"detect_zeros":null,"discard":null,"discard_no_unref":null,"error_policy":null,"event_idx":null,"io":null,"io_event_fd":null,"io_thread":null,"io_threads":null,"iommu":null,"metadata_cache":null,"name":null,"packed":null,"page_per_vq":null,"queue_size":null,"queues":null,"rerror_policy":null,"type":"qcow2"},"encryption":null,"geometry":null,"io_tune":null,"mirror":null,"model":null,"product":null,"raw_io":null,"read_only":null,"serial":null,"sgio":null,"shareable":null,"snapshot":null,"source":{"block":null,"cookies":null,"data_store":null,"dir":null,"encryption":null,"file":null,"index":null,"network":null,"nvme":null,"readahead":null,"reservations":null,"slices":null,"ssl":null,"startup_policy":null,"timeout":null,"vhost_user":null,"vhost_vdpa":null,"volume":{"mode":null,"pool":"default","sec_label":null,"volume":"worker-1-disk.qcow2"}},"target":{"bus":"virtio","dev":"vda","removable":null,"rotation_rate":null,"tray":null},"throttle_filters":null,"transient":null,"vendor":null,"wwn":null},{"acpi":null,"address":null,"alias":null,"auth":null,"backend_domain":null,"backing_store":null,"block_io":null,"boot":null,"device":"cdrom","driver":null,"encryption":null,"geometry":null,"io_tune":null,"mirror":null,"model":null,"product":null,"raw_io":null,"read_only":null,"serial":null,"sgio":null,"shareable":null,"snapshot":null,"source":{"block":null,"cookies":null,"data_store":null,"dir":null,"encryption":null,"file":null,"index":null,"network":null,"nvme":null,"readahead":null,"reservations":null,"slices":null,"ssl":null,"startup_policy":null,"timeout":null,"vhost_user":null,"vhost_vdpa":null,"volume":{"mode":null,"pool":"default","sec_label":null,"volume":"worker-1-cloudinit.iso"}},"target":{"bus":"sata","dev":"sda","removable":null,"rotation_rate":null,"tray":null},"throttle_filters":null,"transient":null,"vendor":null,"wwn":null}],"emulator":null,"filesystems":null,"graphics":null,"hostdevs":null,"hubs":null,"inputs":null,"interfaces":[{"acpi":null,"address":null,"alias":null,"backend":null,"backend_domain":null,"bandwidth":null,"boot":null,"coalesce":null,"down_script":null,"driver":null,"filter_ref":null,"guest":null,"ip":null,"link":null,"mac":null,"managed":null,"model":{"type":"virtio"},"mtu":null,"port_forward":null,"port_options":null,"rom":null,"route":null,"script":null,"source":{"bridge":null,"client":null,"direct":null,"ethernet":null,"hostdev":null,"internal":null,"mcast":null,"network":{"bridge":null,"network":"default","port_group":null,"port_id":null},"null":null,"server":null,"udp":null,"user":null,"vdpa":null,"vds":null,"vhost_user":null},"target":null,"teaming":null,"trust_guest_rx_filters":null,"tune":null,"virtual_port":null,"vlan":null,"wait_for_ip":{"source":null,"timeout":null}}],"iommu":null,"leases":null,"mem_balloon":null,"memorydevs":null,"nvram":null,"panics":null,"parallels":null,"pstore":null,"redir_devs":null,"redir_filters":null,"rngs":null,"serials":[{"acpi":null,"address":null,"alias":null,"log":null,"protocol":null,"source":null,"target":null}],"shmems":null,"smartcards":null,"sounds":null,"tpms":null,"videos":null,"vsock":null,"watchdogs":null},"features":null,"gen_id":null,"hwuuid":null,"id":5,"id_map":null,"io_thread_i_ds":null,"io_threads":null,"key_wrap":null,"launch_security":null,"lxc_namespace":null,"maximum_memory":null,"maximum_memory_slots":null,"maximum_memory_unit":null,"memory":2097152,"memory_backing":null,"memory_dump_core":null,"memory_tune":null,"memory_unit":null,"metadata":null,"name":"worker-1","numa_tune":null,"on_crash":null,"on_poweroff":null,"on_reboot":null,"os":{"acpi":null,"bios":null,"boot_devices":null,"boot_menu":null,"cmdline":null,"dtb":null,"firmware":null,"firmware_info":null,"init":null,"init_args":null,"init_dir":null,"init_env":null,"init_group":null,"init_user":null,"initrd":null,"kernel":null,"loader":null,"loader_format":null,"loader_readonly":null,"loader_secure":null,"loader_stateless":null,"loader_type":null,"nv_ram":null,"shim":null,"sm_bios":null,"type":"hvm","type_arch":"x86_64","type_machine":"q35"},"perf":null,"pm":null,"qemu_capabilities":null,"qemu_commandline":null,"qemu_deprecation":null,"qemu_override":null,"resource":null,"running":true,"sec_label":null,"sys_info":null,"throttle_groups":null,"title":null,"type":"kvm","update":null,"uuid":"0fa03a7f-9fe7-4f97-a32c-12b6350bb9a9","vcpu":2,"vcpu_cpuset":null,"vcpu_current":null,"vcpu_placement":null,"vcpus":null,"vmware_data_center_path":null,"xen_commandline":null},"sensitive_attributes":[],"dependencies":["libvirt_cloudinit_disk.worker_init","libvirt_volume.ubuntu_base","libvirt_volume.worker_cloudinit","libvirt_volume.worker_disk"]},{"index_key":1,"schema_version":0,"attributes":{"autostart":null,"bhyve_commandline":null,"block_io_tune":null,"bootloader":null,"bootloader_args":null,"clock":null,"cpu":null,"cpu_tune":null,"create":null,"current_memory":null,"current_memory_unit":null,"default_io_thread":null,"description":null,"destroy":null,"devices":{"audios":null,"channels":null,"consoles":null,"controllers":null,"crypto":null,"disks":[{"acpi":null,"address":null,"alias":null,"auth":null,"backend_domain":null,"backing_store":null,"block_io":null,"boot":null,"device":null,"driver":{"ats":null,"cache":null,"copy_on_read":null,"detect_zeros":null,"discard":null,"discard_no_unref":null,"error_policy":null,"event_idx":null,"io":null,"io_event_fd":null,"io_thread":null,"io_threads":null,"iommu":null,"metadata_cache":null,"name":null,"packed":null,"page_per_vq":null,"queue_size":null,"queues":null,"rerror_policy":null,"type":"qcow2"},"encryption":null,"geometry":null,"io_tune":null,"mirror":null,"model":null,"product":null,"raw_io":null,"read_only":null,"serial":null,"sgio":null,"shareable":null,"snapshot":null,"source":{"block":null,"cookies":null,"data_store":null,"dir":null,"encryption":null,"file":null,"index":null,"network":null,"nvme":null,"readahead":null,"reservations":null,"slices":null,"ssl":null,"startup_policy":null,"timeout":null,"vhost_user":null,"vhost_vdpa":null,"volume":{"mode":null,"pool":"default","sec_label":null,"volume":"worker-2-disk.qcow2"}},"target":{"bus":"virtio","dev":"vda","removable":null,"rotation_rate":null,"tray":null},"throttle_filters":null,"transient":null,"vendor":null,"wwn":null},{"acpi":null,"address":null,"alias":null,"auth":null,"backend_domain":null,"backing_store":null,"block_io":null,"boot":null,"device":"cdrom","driver":null,"encryption":null,"geometry":null,"io_tune":null,"mirror":null,"model":null,"product":null,"raw_io":null,"read_only":null,"serial":null,"sgio":null,"shareable":null,"snapshot":null,"source":{"block":null,"cookies":null,"data_store":null,"dir":null,"encryption":null,"file":null,"index":null,"network":null,"nvme":null,"readahead":null,"reservations":null,"slices":null,"ssl":null,"startup_policy":null,"timeout":null,"vhost_user":null,"vhost_vdpa":null,"volume":{"mode":null,"pool":"default","sec_label":null,"volume":"worker-2-cloudinit.iso"}},"target":{"bus":"sata","dev":"sda","removable":null,"rotation_rate":null,"tray":null},"throttle_filters":null,"transient":null,"vendor":null,"wwn":null}],"emulator":null,"filesystems":null,"graphics":null,"hostdevs":null,"hubs":null,"inputs":null,"interfaces":[{"acpi":null,"address":null,"alias":null,"backend":null,"backend_domain":null,"bandwidth":null,"boot":null,"coalesce":null,"down_script":null,"driver":null,"filter_ref":null,"guest":null,"ip":null,"link":null,"mac":null,"managed":null,"model":{"type":"virtio"},"mtu":null,"port_forward":null,"port_options":null,"rom":null,"route":null,"script":null,"source":{"bridge":null,"client":null,"direct":null,"ethernet":null,"hostdev":null,"internal":null,"mcast":null,"network":{"bridge":null,"network":"default","port_group":null,"port_id":null},"null":null,"server":null,"udp":null,"user":null,"vdpa":null,"vds":null,"vhost_user":null},"target":null,"teaming":null,"trust_guest_rx_filters":null,"tune":null,"virtual_port":null,"vlan":null,"wait_for_ip":{"source":null,"timeout":null}}],"iommu":null,"leases":null,"mem_balloon":null,"memorydevs":null,"nvram":null,"panics":null,"parallels":null,"pstore":null,"redir_devs":null,"redir_filters":null,"rngs":null,"serials":[{"acpi":null,"address":null,"alias":null,"log":null,"protocol":null,"source":null,"target":null}],"shmems":null,"smartcards":null,"sounds":null,"tpms":null,"videos":null,"vsock":null,"watchdogs":null},"features":null,"gen_id":null,"hwuuid":null,"id":4,"id_map":null,"io_thread_i_ds":null,"io_threads":null,"key_wrap":null,"launch_security":null,"lxc_namespace":null,"maximum_memory":null,"maximum_memory_slots":null,"maximum_memory_unit":null,"memory":2097152,"memory_backing":null,"memory_dump_core":null,"memory_tune":null,"memory_unit":null,"metadata":null,"name":"worker-2","numa_tune":null,"on_crash":null,"on_poweroff":null,"on_reboot":null,"os":{"acpi":null,"bios":null,"boot_devices":null,"boot_menu":null,"cmdline":null,"dtb":null,"firmware":null,"firmware_info":null,"init":null,"init_args":null,"init_dir":null,"init_env":null,"init_group":null,"init_user":null,"initrd":null,"kernel":null,"loader":null,"loader_format":null,"loader_readonly":null,"loader_secure":null,"loader_stateless":null,"loader_type":null,"nv_ram":null,"shim":null,"sm_bios":null,"type":"hvm","type_arch":"x86_64","type_machine":"q35"},"perf":null,"pm":null,"qemu_capabilities":null,"qemu_commandline":null,"qemu_deprecation":null,"qemu_override":null,"resource":null,"running":true,"sec_label":null,"sys_info":null,"throttle_groups":null,"title":null,"type":"kvm","update":null,"uuid":"b7408ea2-1348-4405-b40c-17afd73dbb62","vcpu":2,"vcpu_cpuset":null,"vcpu_current":null,"vcpu_placement":null,"vcpus":null,"vmware_data_center_path":null,"xen_commandline":null},"sensitive_attributes":[],"dependencies":["libvirt_cloudinit_disk.worker_init","libvirt_volume.ubuntu_base","libvirt_volume.worker_cloudinit","libvirt_volume.worker_disk"]}]},{"mode":"managed","type":"libvirt_volume","name":"master_cloudinit","provider":"provider[\"registry.opentofu.org/dmacvicar/libvirt\"]","instances":[{"index_key":0,"schema_version":0,"attributes":{"allocation":45056,"allocation_unit":null,"backing_store":null,"capacity":45056,"capacity_unit":null,"create":{"content":{"url":"/tmp/terraform-provider-libvirt-cloudinit/cloudinit-8a9a1641eb9b64f4.iso"}},"id":"/var/lib/libvirt/images/master-1-cloudinit.iso","key":"/var/lib/libvirt/images/master-1-cloudinit.iso","name":"master-1-cloudinit.iso","path":"/var/lib/libvirt/images/master-1-cloudinit.iso","physical":45056,"physical_unit":null,"pool":"default","target":null,"type":null},"sensitive_attributes":[],"dependencies":["libvirt_cloudinit_disk.master_init"]}]},{"mode":"managed","type":"libvirt_volume","name":"master_disk","provider":"provider[\"registry.opentofu.org/dmacvicar/libvirt\"]","instances":[{"index_key":0,"schema_version":0,"attributes":{"allocation":200704,"allocation_unit":null,"backing_store":{"format":{"type":"qcow2"},"path":"/var/lib/libvirt/images/ubuntu-noble-base.qcow2","permissions":null},"capacity":10737418240,"capacity_unit":null,"create":null,"id":"/var/lib/libvirt/images/master-1-disk.qcow2","key":"/var/lib/libvirt/images/master-1-disk.qcow2","name":"master-1-disk.qcow2","path":"/var/lib/libvirt/images/master-1-disk.qcow2","physical":196768,"physical_unit":null,"pool":"default","target":{"cluster_size":null,"cluster_size_unit":null,"compat":null,"encryption":null,"features":null,"format":{"type":"qcow2"},"path":"/var/lib/libvirt/images/master-1-disk.qcow2","permissions":null,"timestamps":null},"type":null},"sensitive_attributes":[],"dependencies":["libvirt_volume.ubuntu_base"]}]},{"mode":"managed","type":"libvirt_volume","name":"ubuntu_base","provider":"provider[\"registry.opentofu.org/dmacvicar/libvirt\"]","instances":[{"schema_version":0,"attributes":{"allocation":629989376,"allocation_unit":null,"backing_store":null,"capacity":3758096384,"capacity_unit":null,"create":{"content":{"url":"./cloud_image/noble-server-cloudimg-amd64.img"}},"id":"/var/lib/libvirt/images/ubuntu-noble-base.qcow2","key":"/var/lib/libvirt/images/ubuntu-noble-base.qcow2","name":"ubuntu-noble-base.qcow2","path":"/var/lib/libvirt/images/ubuntu-noble-base.qcow2","physical":629987328,"physical_unit":null,"pool":"default","target":{"cluster_size":null,"cluster_size_unit":null,"compat":null,"encryption":null,"features":null,"format":{"type":"qcow2"},"path":"/var/lib/libvirt/images/ubuntu-noble-base.qcow2","permissions":null,"timestamps":null},"type":null},"sensitive_attributes":[]}]},{"mode":"managed","type":"libvirt_volume","name":"worker_cloudinit","provider":"provider[\"registry.opentofu.org/dmacvicar/libvirt\"]","instances":[{"index_key":0,"schema_version":0,"attributes":{"allocation":45056,"allocation_unit":null,"backing_store":null,"capacity":45056,"capacity_unit":null,"create":{"content":{"url":"/tmp/terraform-provider-libvirt-cloudinit/cloudinit-4d5c8cf086426445.iso"}},"id":"/var/lib/libvirt/images/worker-1-cloudinit.iso","key":"/var/lib/libvirt/images/worker-1-cloudinit.iso","name":"worker-1-cloudinit.iso","path":"/var/lib/libvirt/images/worker-1-cloudinit.iso","physical":45056,"physical_unit":null,"pool":"default","target":null,"type":null},"sensitive_attributes":[],"dependencies":["libvirt_cloudinit_disk.worker_init"]},{"index_key":1,"schema_version":0,"attributes":{"allocation":45056,"allocation_unit":null,"backing_store":null,"capacity":45056,"capacity_unit":null,"create":{"content":{"url":"/tmp/terraform-provider-libvirt-cloudinit/cloudinit-d29f663509eccc31.iso"}},"id":"/var/lib/libvirt/images/worker-2-cloudinit.iso","key":"/var/lib/libvirt/images/worker-2-cloudinit.iso","name":"worker-2-cloudinit.iso","path":"/var/lib/libvirt/images/worker-2-cloudinit.iso","physical":45056,"physical_unit":null,"pool":"default","target":null,"type":null},"sensitive_attributes":[],"dependencies":["libvirt_cloudinit_disk.worker_init"]}]},{"mode":"managed","type":"libvirt_volume","name":"worker_disk","provider":"provider[\"registry.opentofu.org/dmacvicar/libvirt\"]","instances":[{"index_key":0,"schema_version":0,"attributes":{"allocation":200704,"allocation_unit":null,"backing_store":{"format":{"type":"qcow2"},"path":"/var/lib/libvirt/images/ubuntu-noble-base.qcow2","permissions":null},"capacity":10737418240,"capacity_unit":null,"create":null,"id":"/var/lib/libvirt/images/worker-1-disk.qcow2","key":"/var/lib/libvirt/images/worker-1-disk.qcow2","name":"worker-1-disk.qcow2","path":"/var/lib/libvirt/images/worker-1-disk.qcow2","physical":196768,"physical_unit":null,"pool":"default","target":{"cluster_size":null,"cluster_size_unit":null,"compat":null,"encryption":null,"features":null,"format":{"type":"qcow2"},"path":"/var/lib/libvirt/images/worker-1-disk.qcow2","permissions":null,"timestamps":null},"type":null},"sensitive_attributes":[],"dependencies":["libvirt_volume.ubuntu_base"]},{"index_key":1,"schema_version":0,"attributes":{"allocation":200704,"allocation_unit":null,"backing_store":{"format":{"type":"qcow2"},"path":"/var/lib/libvirt/images/ubuntu-noble-base.qcow2","permissions":null},"capacity":10737418240,"capacity_unit":null,"create":null,"id":"/var/lib/libvirt/images/worker-2-disk.qcow2","key":"/var/lib/libvirt/images/worker-2-disk.qcow2","name":"worker-2-disk.qcow2","path":"/var/lib/libvirt/images/worker-2-disk.qcow2","physical":196768,"physical_unit":null,"pool":"default","target":{"cluster_size":null,"cluster_size_unit":null,"compat":null,"encryption":null,"features":null,"format":{"type":"qcow2"},"path":"/var/lib/libvirt/images/worker-2-disk.qcow2","permissions":null,"timestamps":null},"type":null},"sensitive_attributes":[],"dependencies":["libvirt_volume.ubuntu_base"]}]},{"mode":"managed","type":"local_file","name":"ansible_inventory","provider":"provider[\"registry.opentofu.org/hashicorp/local\"]","instances":[{"schema_version":0,"attributes":{"content":"all:\n  # 1. Define global variables here. Every host will inherit these.\n  vars:\n    ansible_user: ubuntu\n    # ansible_ssh_private_key_file: ~/.ssh/id_ed25519\n    ansible_python_interpreter: /usr/bin/python3\n\n  # 2. Define all hosts and their required Kubespray IP variables\n  hosts:\n    master-1:\n      ansible_host: 192.168.122.226\n      ip: 192.168.122.226\n      access_ip: 192.168.122.226\n    worker-1:\n      ansible_host: 192.168.122.43\n      ip: 192.168.122.43\n      access_ip: 192.168.122.43\n    worker-2:\n      ansible_host: 192.168.122.11\n      ip: 192.168.122.11\n      access_ip: 192.168.122.11\n\n  # 3. Define node groups using Kubespray's naming convention\n  children:\n    kube_control_plane:\n      hosts:\n        master-1:\n    \n    kube_node:\n      hosts:\n        worker-1:\n        worker-2:\n    \n    # Kubespray requires an etcd group. It's standard to run etcd on the control plane nodes.\n    etcd:\n      hosts:\n        master-1:\n    \n    k8s_cluster:\n      children:\n        kube_control_plane: {}\n        kube_node: {}\n        \n    cilium_rr:\n      hosts: {}","content_base64":null,"content_base64sha256":"dYrL878jUA+yoZYqmR32fPBfb2k+9q0dXWmPST1/s6Q=","content_base64sha512":"5I5eC76QEvzxKS+dnNEDqyphgmMzSuIMDSuFGaN2iDoKfwtAqPQMYAhKtTDS7/YEdJ/3yeTU2rGrKJNuV+MLfw==","content_md5":"e9343bea1d9ba2b103ec0e854baaeff7","content_sha1":"4be2531ea1e69753fe5cdea6667bf71a06e5c450","content_sha256":"758acbf3bf23500fb2a1962a991df67cf05f6f693ef6ad1d5d698f493d7fb3a4","content_sha512":"e48e5e0bbe9012fcf1292f9d9cd103ab2a618263334ae20c0d2b8519a376883a0a7f0b40a8f40c60084ab530d2eff604749ff7c9e4d4dab1ab28936e57e30b7f","directory_permission":"0777","file_permission":"0777","filename":"./../kubespray/inventory/mycluster/inventory.yaml","id":"4be2531ea1e69753fe5cdea6667bf71a06e5c450","sensitive_content":null,"source":null},"sensitive_attributes":[[{"type":"get_attr","value":"sensitive_content"}]],"dependencies":["data.external.master_ips","data.external.worker_ips","libvirt_cloudinit_disk.master_init","libvirt_cloudinit_disk.worker_init","libvirt_domain.Master","libvirt_domain.Worker","libvirt_volume.master_cloudinit","libvirt_volume.master_disk","libvirt_volume.ubuntu_base","libvirt_volume.worker_cloudinit","libvirt_volume.worker_disk"]}]}],"check_results":null}
